{
    "_readme": [
        "This file locks the dependencies of your project to a known state",
        "Read more about it at https://getcomposer.org/doc/01-basic-usage.md#installing-dependencies",
        "This file is @generated automatically"
    ],
    "content-hash": "2cb10cc0d274923a9ef9f184400f212f",
    "packages": [
        {
            "name": "victor-renan/pixgenerator",
            "version": "v1.0.0",
            "source": {
                "type": "git",
                "url": "https://github.com/victor-renan/pixgenerator.git",
                "reference": "a1e68a80a64251e50138677ca7de5d693f25fc3d"
            },
            "dist": {
                "type": "zip",
                "url": "https://api.github.com/repos/victor-renan/pixgenerator/zipball/a1e68a80a64251e50138677ca7de5d693f25fc3d",
                "reference": "a1e68a80a64251e50138677ca7de5d693f25fc3d",
                "shasum": ""
            },
            "require-dev": {
                "phpunit/phpunit": "^12.0"
            },
            "type": "library",
            "autoload": {
                "psr-4": {
                    "VictorRenan\\PixGenerator\\": "src/"
                }
            },
            "notification-url": "https://packagist.org/downloads/",
            "authors": [
                {
                    "name": "Renan",
                    "email": "alvesrenanpro@gmail.com"
                }
            ],
            "description": "A static PIX (copy and paste) generator",
            "support": {
                "issues": "https://github.com/victor-renan/pixgenerator/issues",
                "source": "https://github.com/victor-renan/pixgenerator/tree/v1.0.0"
            },
            "time": "2025-02-24T12:38:51+00:00"
        }
    ],
    "packages-dev": [],
    "aliases": [],
    "minimum-stability": "stable",
    "stability-flags": [],
    "prefer-stable": false,
    "prefer-lowest": false,
    "platform": [],
    "platform-dev": [],
    "plugin-api-version": "2.3.0"
}
